
Microsoft Visual Studio Solution File, Format Version 12.00
# Visual Studio Version 17
VisualStudioVersion = 17.10.35013.160
MinimumVisualStudioVersion = 10.0.40219.1
Project("{2150E333-8FDC-42A3-9474-1A3956D46DE8}") = "1. Apresentação", "1. Apresentação", "{E68BDA86-2F52-4BA8-8930-14C47277689B}"
EndProject
Project("{2150E333-8FDC-42A3-9474-1A3956D46DE8}") = "2. Domínio", "2. Domínio", "{924FC8C9-B255-4C63-856E-EF4AE8038453}"
EndProject
Project("{2150E333-8FDC-42A3-9474-1A3956D46DE8}") = "3. Infraestrutura", "3. Infraestrutura", "{CC00371E-017D-4EB2-BEB2-70D1359DCAE6}"
EndProject
Project("{FAE04EC0-301F-11D3-BF4B-00C04F79EFBC}") = "ControleDeBar.Dominio", "ControleDeBar.Dominio\ControleDeBar.Dominio.csproj", "{ABFCC5C1-E038-4017-B4EF-8677915533C9}"
EndProject
Project("{FAE04EC0-301F-11D3-BF4B-00C04F79EFBC}") = "ControleDeBar.Infraestrutura", "ControleDeBar.Infraestrutura\ControleDeBar.Infraestrutura.csproj", "{332F56DF-A296-48CF-A945-C70B2E70E7A7}"
EndProject
Project("{FAE04EC0-301F-11D3-BF4B-00C04F79EFBC}") = "ControleDeBar.WebApp", "ControleDeBar.WebApp\ControleDeBar.WebApp.csproj", "{0409CFD6-0F5A-4855-84BC-A48E621537A9}"
EndProject
Project("{2150E333-8FDC-42A3-9474-1A3956D46DE8}") = "4.Testes", "4.Testes", "{E943C5C8-60D5-4469-8948-5B8358610F4F}"
EndProject
Project("{2150E333-8FDC-42A3-9474-1A3956D46DE8}") = "4.1 Unidade", "4.1 Unidade", "{3343017C-B277-4BBE-9243-7A92F89C556C}"
EndProject
Project("{2150E333-8FDC-42A3-9474-1A3956D46DE8}") = "4.2 Integracao", "4.2 Integracao", "{04193254-E174-4793-9EFB-46A4A617BB9C}"
EndProject
Project("{FAE04EC0-301F-11D3-BF4B-00C04F79EFBC}") = "ControleDeBar.Testes.Unidade", "ControleDeBar.Testes.Unidade\ControleDeBar.Testes.Unidade.csproj", "{FD822C77-2018-46C9-A07B-1269C31709C8}"
EndProject
Global
	GlobalSection(SolutionConfigurationPlatforms) = preSolution
		Debug|Any CPU = Debug|Any CPU
		Release|Any CPU = Release|Any CPU
	EndGlobalSection
	GlobalSection(ProjectConfigurationPlatforms) = postSolution
		{ABFCC5C1-E038-4017-B4EF-8677915533C9}.Debug|Any CPU.ActiveCfg = Debug|Any CPU
		{ABFCC5C1-E038-4017-B4EF-8677915533C9}.Debug|Any CPU.Build.0 = Debug|Any CPU
		{ABFCC5C1-E038-4017-B4EF-8677915533C9}.Release|Any CPU.ActiveCfg = Release|Any CPU
		{ABFCC5C1-E038-4017-B4EF-8677915533C9}.Release|Any CPU.Build.0 = Release|Any CPU
		{332F56DF-A296-48CF-A945-C70B2E70E7A7}.Debug|Any CPU.ActiveCfg = Debug|Any CPU
		{332F56DF-A296-48CF-A945-C70B2E70E7A7}.Debug|Any CPU.Build.0 = Debug|Any CPU
		{332F56DF-A296-48CF-A945-C70B2E70E7A7}.Release|Any CPU.ActiveCfg = Release|Any CPU
		{332F56DF-A296-48CF-A945-C70B2E70E7A7}.Release|Any CPU.Build.0 = Release|Any CPU
		{0409CFD6-0F5A-4855-84BC-A48E621537A9}.Debug|Any CPU.ActiveCfg = Debug|Any CPU
		{0409CFD6-0F5A-4855-84BC-A48E621537A9}.Debug|Any CPU.Build.0 = Debug|Any CPU
		{0409CFD6-0F5A-4855-84BC-A48E621537A9}.Release|Any CPU.ActiveCfg = Release|Any CPU
		{0409CFD6-0F5A-4855-84BC-A48E621537A9}.Release|Any CPU.Build.0 = Release|Any CPU
		{FD822C77-2018-46C9-A07B-1269C31709C8}.Debug|Any CPU.ActiveCfg = Debug|Any CPU
		{FD822C77-2018-46C9-A07B-1269C31709C8}.Debug|Any CPU.Build.0 = Debug|Any CPU
		{FD822C77-2018-46C9-A07B-1269C31709C8}.Release|Any CPU.ActiveCfg = Release|Any CPU
		{FD822C77-2018-46C9-A07B-1269C31709C8}.Release|Any CPU.Build.0 = Release|Any CPU
	EndGlobalSection
	GlobalSection(SolutionProperties) = preSolution
		HideSolutionNode = FALSE
	EndGlobalSection
	GlobalSection(NestedProjects) = preSolution
		{ABFCC5C1-E038-4017-B4EF-8677915533C9} = {924FC8C9-B255-4C63-856E-EF4AE8038453}
		{332F56DF-A296-48CF-A945-C70B2E70E7A7} = {CC00371E-017D-4EB2-BEB2-70D1359DCAE6}
		{0409CFD6-0F5A-4855-84BC-A48E621537A9} = {E68BDA86-2F52-4BA8-8930-14C47277689B}
		{3343017C-B277-4BBE-9243-7A92F89C556C} = {E943C5C8-60D5-4469-8948-5B8358610F4F}
		{04193254-E174-4793-9EFB-46A4A617BB9C} = {E943C5C8-60D5-4469-8948-5B8358610F4F}
		{FD822C77-2018-46C9-A07B-1269C31709C8} = {3343017C-B277-4BBE-9243-7A92F89C556C}
	EndGlobalSection
	GlobalSection(ExtensibilityGlobals) = postSolution
		SolutionGuid = {F602749B-4698-472B-B8FD-15503196A21B}
	EndGlobalSection
EndGlobal
